{
  "version": 4,
  "terraform_version": "1.5.1",
  "serial": 10,
  "lineage": "46a3c18e-efd0-de0f-9d2b-b133fbcee27d",
  "outputs": {},
  "resources": [
    {
      "mode": "managed",
      "type": "aiven_pg",
      "name": "pg",
      "provider": "provider[\"registry.terraform.io/aiven/aiven\"]",
      "instances": [
        {
          "schema_version": 1,
          "attributes": {
            "additional_disk_space": null,
            "cloud_name": "google-europe-west1",
            "components": [
              {
                "component": "pg",
                "host": "pgdb-1-hc-demo.a.aivencloud.com",
                "kafka_authentication_method": "",
                "port": 12072,
                "route": "dynamic",
                "ssl": true,
                "usage": "primary"
              },
              {
                "component": "pg",
                "host": "public-pgdb-1-hc-demo.a.aivencloud.com",
                "kafka_authentication_method": "",
                "port": 12072,
                "route": "public",
                "ssl": true,
                "usage": "primary"
              },
              {
                "component": "pgbouncer",
                "host": "pgdb-1-hc-demo.a.aivencloud.com",
                "kafka_authentication_method": "",
                "port": 12073,
                "route": "dynamic",
                "ssl": true,
                "usage": "primary"
              }
            ],
            "disk_space": null,
            "disk_space_cap": "400GiB",
            "disk_space_default": "80GiB",
            "disk_space_step": "10GiB",
            "disk_space_used": "80GiB",
            "id": "hc-demo/pgdb-1",
            "maintenance_window_dow": "monday",
            "maintenance_window_time": "10:00:00",
            "pg": [
              {
                "dbname": "defaultdb",
                "host": "35.210.237.221",
                "max_connections": 100,
                "password": "AVNS_2MLDF4cE34cN51Nxmh_",
                "port": 12072,
                "replica_uri": "",
                "sslmode": "require",
                "uri": "postgres://avnadmin:AVNS_2MLDF4cE34cN51Nxmh_@35.210.237.221:12072/defaultdb?sslmode=require",
                "user": "avnadmin"
              }
            ],
            "pg_user_config": [
              {
                "additional_backup_regions": null,
                "admin_password": "",
                "admin_username": "",
                "backup_hour": 6,
                "backup_minute": 39,
                "enable_ipv6": false,
                "ip_filter": [
                  "0.0.0.0/0"
                ],
                "ip_filter_object": [],
                "ip_filter_string": null,
                "migration": [],
                "pg": [
                  {
                    "autovacuum_analyze_scale_factor": 0,
                    "autovacuum_analyze_threshold": 0,
                    "autovacuum_freeze_max_age": 0,
                    "autovacuum_max_workers": 0,
                    "autovacuum_naptime": 0,
                    "autovacuum_vacuum_cost_delay": 0,
                    "autovacuum_vacuum_cost_limit": 0,
                    "autovacuum_vacuum_scale_factor": 0,
                    "autovacuum_vacuum_threshold": 0,
                    "bgwriter_delay": 0,
                    "bgwriter_flush_after": 0,
                    "bgwriter_lru_maxpages": 0,
                    "bgwriter_lru_multiplier": 0,
                    "deadlock_timeout": 0,
                    "default_toast_compression": "",
                    "idle_in_transaction_session_timeout": 900,
                    "jit": false,
                    "log_autovacuum_min_duration": 0,
                    "log_error_verbosity": "",
                    "log_line_prefix": "",
                    "log_min_duration_statement": -1,
                    "log_temp_files": 0,
                    "max_files_per_process": 0,
                    "max_locks_per_transaction": 0,
                    "max_logical_replication_workers": 0,
                    "max_parallel_workers": 0,
                    "max_parallel_workers_per_gather": 0,
                    "max_pred_locks_per_transaction": 0,
                    "max_prepared_transactions": 0,
                    "max_replication_slots": 0,
                    "max_slot_wal_keep_size": 0,
                    "max_stack_depth": 0,
                    "max_standby_archive_delay": 0,
                    "max_standby_streaming_delay": 0,
                    "max_wal_senders": 0,
                    "max_worker_processes": 0,
                    "pg_partman_bgw__dot__interval": 0,
                    "pg_partman_bgw__dot__role": "",
                    "pg_stat_monitor__dot__pgsm_enable_query_plan": false,
                    "pg_stat_monitor__dot__pgsm_max_buckets": 0,
                    "pg_stat_statements__dot__track": "",
                    "temp_file_limit": 0,
                    "timezone": "",
                    "track_activity_query_size": 0,
                    "track_commit_timestamp": "",
                    "track_functions": "",
                    "track_io_timing": "",
                    "wal_sender_timeout": 0,
                    "wal_writer_delay": 0
                  }
                ],
                "pg_read_replica": false,
                "pg_service_to_fork_from": "",
                "pg_stat_monitor_enable": false,
                "pg_version": "15",
                "pgbouncer": [],
                "pglookout": [
                  {
                    "max_failover_replication_time_lag": 60
                  }
                ],
                "private_access": [],
                "privatelink_access": [],
                "project_to_fork_from": "",
                "public_access": [
                  {
                    "pg": true,
                    "pgbouncer": false,
                    "prometheus": false
                  }
                ],
                "recovery_target_time": "",
                "service_to_fork_from": "",
                "shared_buffers_percentage": 0,
                "static_ips": true,
                "synchronous_replication": "",
                "timescaledb": [],
                "variant": "",
                "work_mem": 0
              }
            ],
            "plan": "startup-4",
            "project": "hc-demo",
            "project_vpc_id": null,
            "service_host": "pgdb-1-hc-demo.a.aivencloud.com",
            "service_integrations": [],
            "service_name": "pgdb-1",
            "service_password": "AVNS_2MLDF4cE34cN51Nxmh_",
            "service_port": 12072,
            "service_type": "pg",
            "service_uri": "postgres://avnadmin:AVNS_2MLDF4cE34cN51Nxmh_@pgdb-1-hc-demo.a.aivencloud.com:12072/defaultdb?sslmode=require",
            "service_username": "avnadmin",
            "state": "RUNNING",
            "static_ips": [
              "ip47b69e21c0d",
              "ip47b69e5aa12"
            ],
            "tag": [],
            "termination_protection": false,
            "timeouts": {
              "create": "20m",
              "default": null,
              "delete": null,
              "read": null,
              "update": "15m"
            }
          },
          "sensitive_attributes": [],
          "private": "eyJlMmJmYjczMC1lY2FhLTExZTYtOGY4OC0zNDM2M2JjN2M0YzAiOnsiY3JlYXRlIjoxMjAwMDAwMDAwMDAwLCJkZWZhdWx0IjoxMjAwMDAwMDAwMDAwLCJkZWxldGUiOjEyMDAwMDAwMDAwMDAsInJlYWQiOjEyMDAwMDAwMDAwMDAsInVwZGF0ZSI6OTAwMDAwMDAwMDAwfSwic2NoZW1hX3ZlcnNpb24iOiIxIn0=",
          "dependencies": [
            "aiven_static_ip.pg1",
            "aiven_static_ip.pg2"
          ]
        }
      ]
    },
    {
      "mode": "managed",
      "type": "aiven_pg_database",
      "name": "mydatabase",
      "provider": "provider[\"registry.terraform.io/aiven/aiven\"]",
      "instances": [
        {
          "schema_version": 0,
          "attributes": {
            "database_name": "mydb",
            "id": "hc-demo/pgdb-1/mydb",
            "lc_collate": "en_US.UTF-8",
            "lc_ctype": "en_US.UTF-8",
            "project": "hc-demo",
            "service_name": "pgdb-1",
            "termination_protection": false,
            "timeouts": null
          },
          "sensitive_attributes": [],
          "private": "eyJlMmJmYjczMC1lY2FhLTExZTYtOGY4OC0zNDM2M2JjN2M0YzAiOnsiY3JlYXRlIjoxMjAwMDAwMDAwMDAwLCJkZWZhdWx0IjoxMjAwMDAwMDAwMDAwLCJkZWxldGUiOjEyMDAwMDAwMDAwMDAsInJlYWQiOjEyMDAwMDAwMDAwMDAsInVwZGF0ZSI6MTIwMDAwMDAwMDAwMH19",
          "dependencies": [
            "aiven_pg.pg",
            "aiven_static_ip.pg1",
            "aiven_static_ip.pg2"
          ]
        }
      ]
    },
    {
      "mode": "managed",
      "type": "aiven_static_ip",
      "name": "pg1",
      "provider": "provider[\"registry.terraform.io/aiven/aiven\"]",
      "instances": [
        {
          "schema_version": 0,
          "attributes": {
            "cloud_name": "google-europe-west1",
            "id": "hc-demo/ip47b69e5aa12",
            "ip_address": "35.206.130.217",
            "project": "hc-demo",
            "service_name": "",
            "state": "created",
            "static_ip_address_id": "ip47b69e5aa12",
            "timeouts": null
          },
          "sensitive_attributes": [],
          "private": "eyJlMmJmYjczMC1lY2FhLTExZTYtOGY4OC0zNDM2M2JjN2M0YzAiOnsiY3JlYXRlIjoxMjAwMDAwMDAwMDAwLCJkZWZhdWx0IjoxMjAwMDAwMDAwMDAwLCJkZWxldGUiOjEyMDAwMDAwMDAwMDAsInJlYWQiOjEyMDAwMDAwMDAwMDAsInVwZGF0ZSI6MTIwMDAwMDAwMDAwMH19"
        }
      ]
    },
    {
      "mode": "managed",
      "type": "aiven_static_ip",
      "name": "pg2",
      "provider": "provider[\"registry.terraform.io/aiven/aiven\"]",
      "instances": [
        {
          "schema_version": 0,
          "attributes": {
            "cloud_name": "google-europe-west1",
            "id": "hc-demo/ip47b69e21c0d",
            "ip_address": "35.210.237.221",
            "project": "hc-demo",
            "service_name": "",
            "state": "created",
            "static_ip_address_id": "ip47b69e21c0d",
            "timeouts": null
          },
          "sensitive_attributes": [],
          "private": "eyJlMmJmYjczMC1lY2FhLTExZTYtOGY4OC0zNDM2M2JjN2M0YzAiOnsiY3JlYXRlIjoxMjAwMDAwMDAwMDAwLCJkZWZhdWx0IjoxMjAwMDAwMDAwMDAwLCJkZWxldGUiOjEyMDAwMDAwMDAwMDAsInJlYWQiOjEyMDAwMDAwMDAwMDAsInVwZGF0ZSI6MTIwMDAwMDAwMDAwMH19"
        }
      ]
    }
  ],
  "check_results": null
}
